Microsoft Visual Studio Solution File, Format Version 11.00
# Visual Studio 2008

Project("{653574E6-2882-06A4-5D64-3F1B8CB03B26}") = "unityffmpeg2theora", "Assembly-CSharp-Editor.csproj", "{07BC9C11-A197-0F46-4809-2212305EDE51}"
EndProject
Global
	GlobalSection(SolutionConfigurationPlatforms) = preSolution
		Debug|Any CPU = Debug|Any CPU
		Release|Any CPU = Release|Any CPU
	EndGlobalSection
	GlobalSection(ProjectConfigurationPlatforms) = postSolution
		{07BC9C11-A197-0F46-4809-2212305EDE51}.Debug|Any CPU.ActiveCfg = Debug|Any CPU
		{07BC9C11-A197-0F46-4809-2212305EDE51}.Debug|Any CPU.Build.0 = Debug|Any CPU
		{07BC9C11-A197-0F46-4809-2212305EDE51}.Release|Any CPU.ActiveCfg = Release|Any CPU
		{07BC9C11-A197-0F46-4809-2212305EDE51}.Release|Any CPU.Build.0 = Release|Any CPU
	EndGlobalSection
	GlobalSection(SolutionProperties) = preSolution
		HideSolutionNode = FALSE
	EndGlobalSection
	GlobalSection(MonoDevelopProperties) = preSolution
		StartupItem = Assembly-CSharp.csproj
	EndGlobalSection
EndGlobal
